{
  "nodes": {
    "nixpkgs": {
      "locked": {
        "lastModified": 1729964115,
        "narHash": "sha256-KMorNxuohI6MZBTC3Iysv/+569tpEdNhx/DlffHeu9U=",
        "owner": "NixOS",
        "repo": "nixpkgs",
        "rev": "c9816fa0224a1f2f2216f77dcd2a5a8c8a44c8d5",
        "type": "github"
      },
      "original": {
        "owner": "NixOS",
        "repo": "nixpkgs",
        "type": "github"
      }
    },
    "root": {
      "inputs": {
        "nixpkgs": "nixpkgs"
      }
    }
  },
  "root": "root",
  "version": 7
}
